// !$*UTF8*$!
{
	archiveVersion = 1;
	classes = {
	};
	objectVersion = 56;
	objects = {

/* Begin PBXBuildFile section */
		274748772AC37EDC00F1D9F6 /* StandupFormTests.swift in Sources */ = {isa = PBXBuildFile; fileRef = 274748762AC37EDC00F1D9F6 /* StandupFormTests.swift */; };
		2747487B2AC4C55B00F1D9F6 /* StandupsListTests.swift in Sources */ = {isa = PBXBuildFile; fileRef = 2747487A2AC4C55B00F1D9F6 /* StandupsListTests.swift */; };
		2747487F2AC4C99200F1D9F6 /* StandupDetailView.swift in Sources */ = {isa = PBXBuildFile; fileRef = 2747487E2AC4C99200F1D9F6 /* StandupDetailView.swift */; };
		274748812AC4C9A600F1D9F6 /* StandupDetailFeature.swift in Sources */ = {isa = PBXBuildFile; fileRef = 274748802AC4C9A600F1D9F6 /* StandupDetailFeature.swift */; };
		274748832AC4CFE100F1D9F6 /* StandupDetailTests.swift in Sources */ = {isa = PBXBuildFile; fileRef = 274748822AC4CFE100F1D9F6 /* StandupDetailTests.swift */; };
		276A761F2AC707EB0047D5F3 /* AppFeature.swift in Sources */ = {isa = PBXBuildFile; fileRef = 276A761E2AC707EB0047D5F3 /* AppFeature.swift */; };
		276A76212AC7581E0047D5F3 /* AppTests.swift in Sources */ = {isa = PBXBuildFile; fileRef = 276A76202AC7581E0047D5F3 /* AppTests.swift */; };
		27B8E2712AC36A960006BA72 /* ScrumdingerApp.swift in Sources */ = {isa = PBXBuildFile; fileRef = 27B8E2702AC36A960006BA72 /* ScrumdingerApp.swift */; };
		27B8E2732AC36A960006BA72 /* AppView.swift in Sources */ = {isa = PBXBuildFile; fileRef = 27B8E2722AC36A960006BA72 /* AppView.swift */; };
		27B8E2752AC36A970006BA72 /* Assets.xcassets in Resources */ = {isa = PBXBuildFile; fileRef = 27B8E2742AC36A970006BA72 /* Assets.xcassets */; };
		27B8E2782AC36A970006BA72 /* Preview Assets.xcassets in Resources */ = {isa = PBXBuildFile; fileRef = 27B8E2772AC36A970006BA72 /* Preview Assets.xcassets */; };
		27B8E2802AC36BC70006BA72 /* ComposableArchitecture in Frameworks */ = {isa = PBXBuildFile; productRef = 27B8E27F2AC36BC70006BA72 /* ComposableArchitecture */; };
		27B8E2822AC36BD00006BA72 /* StandupListView.swift in Sources */ = {isa = PBXBuildFile; fileRef = 27B8E2812AC36BD00006BA72 /* StandupListView.swift */; };
		27B8E2842AC36C7A0006BA72 /* Models.swift in Sources */ = {isa = PBXBuildFile; fileRef = 27B8E2832AC36C7A0006BA72 /* Models.swift */; };
		27B8E2872AC36CD80006BA72 /* StandupsListFeature.swift in Sources */ = {isa = PBXBuildFile; fileRef = 27B8E2862AC36CD80006BA72 /* StandupsListFeature.swift */; };
		27B8E2892AC36E500006BA72 /* CardView.swift in Sources */ = {isa = PBXBuildFile; fileRef = 27B8E2882AC36E500006BA72 /* CardView.swift */; };
		27B8E28C2AC36E960006BA72 /* TrailingIconLabelStyle.swift in Sources */ = {isa = PBXBuildFile; fileRef = 27B8E28B2AC36E960006BA72 /* TrailingIconLabelStyle.swift */; };
		27B8E2902AC36FC10006BA72 /* StandupFormView.swift in Sources */ = {isa = PBXBuildFile; fileRef = 27B8E28F2AC36FC10006BA72 /* StandupFormView.swift */; };
		27B8E2922AC36FEC0006BA72 /* ThemePicker.swift in Sources */ = {isa = PBXBuildFile; fileRef = 27B8E2912AC36FEC0006BA72 /* ThemePicker.swift */; };
		27B8E2942AC370760006BA72 /* StandupFormFeature.swift in Sources */ = {isa = PBXBuildFile; fileRef = 27B8E2932AC370760006BA72 /* StandupFormFeature.swift */; };
		27B8E2972AC375590006BA72 /* Duration+.swift in Sources */ = {isa = PBXBuildFile; fileRef = 27B8E2962AC375590006BA72 /* Duration+.swift */; };
/* End PBXBuildFile section */

/* Begin PBXContainerItemProxy section */
		274748712AC37EC400F1D9F6 /* PBXContainerItemProxy */ = {
			isa = PBXContainerItemProxy;
			containerPortal = 27B8E2652AC36A960006BA72 /* Project object */;
			proxyType = 1;
			remoteGlobalIDString = 27B8E26C2AC36A960006BA72;
			remoteInfo = Scrumdinger;
		};
/* End PBXContainerItemProxy section */

/* Begin PBXFileReference section */
		2747486D2AC37EC400F1D9F6 /* ScrumdingerTests.xctest */ = {isa = PBXFileReference; explicitFileType = wrapper.cfbundle; includeInIndex = 0; path = ScrumdingerTests.xctest; sourceTree = BUILT_PRODUCTS_DIR; };
		274748762AC37EDC00F1D9F6 /* StandupFormTests.swift */ = {isa = PBXFileReference; lastKnownFileType = sourcecode.swift; path = StandupFormTests.swift; sourceTree = "<group>"; };
		2747487A2AC4C55B00F1D9F6 /* StandupsListTests.swift */ = {isa = PBXFileReference; lastKnownFileType = sourcecode.swift; path = StandupsListTests.swift; sourceTree = "<group>"; };
		2747487E2AC4C99200F1D9F6 /* StandupDetailView.swift */ = {isa = PBXFileReference; lastKnownFileType = sourcecode.swift; path = StandupDetailView.swift; sourceTree = "<group>"; };
		274748802AC4C9A600F1D9F6 /* StandupDetailFeature.swift */ = {isa = PBXFileReference; lastKnownFileType = sourcecode.swift; path = StandupDetailFeature.swift; sourceTree = "<group>"; };
		274748822AC4CFE100F1D9F6 /* StandupDetailTests.swift */ = {isa = PBXFileReference; lastKnownFileType = sourcecode.swift; path = StandupDetailTests.swift; sourceTree = "<group>"; };
		276A761E2AC707EB0047D5F3 /* AppFeature.swift */ = {isa = PBXFileReference; lastKnownFileType = sourcecode.swift; path = AppFeature.swift; sourceTree = "<group>"; };
		276A76202AC7581E0047D5F3 /* AppTests.swift */ = {isa = PBXFileReference; lastKnownFileType = sourcecode.swift; path = AppTests.swift; sourceTree = "<group>"; };
		27B8E26D2AC36A960006BA72 /* Scrumdinger.app */ = {isa = PBXFileReference; explicitFileType = wrapper.application; includeInIndex = 0; path = Scrumdinger.app; sourceTree = BUILT_PRODUCTS_DIR; };
		27B8E2702AC36A960006BA72 /* ScrumdingerApp.swift */ = {isa = PBXFileReference; lastKnownFileType = sourcecode.swift; path = ScrumdingerApp.swift; sourceTree = "<group>"; };
		27B8E2722AC36A960006BA72 /* AppView.swift */ = {isa = PBXFileReference; lastKnownFileType = sourcecode.swift; path = AppView.swift; sourceTree = "<group>"; };
		27B8E2742AC36A970006BA72 /* Assets.xcassets */ = {isa = PBXFileReference; lastKnownFileType = folder.assetcatalog; path = Assets.xcassets; sourceTree = "<group>"; };
		27B8E2772AC36A970006BA72 /* Preview Assets.xcassets */ = {isa = PBXFileReference; lastKnownFileType = folder.assetcatalog; path = "Preview Assets.xcassets"; sourceTree = "<group>"; };
		27B8E2812AC36BD00006BA72 /* StandupListView.swift */ = {isa = PBXFileReference; lastKnownFileType = sourcecode.swift; path = StandupListView.swift; sourceTree = "<group>"; };
		27B8E2832AC36C7A0006BA72 /* Models.swift */ = {isa = PBXFileReference; lastKnownFileType = sourcecode.swift; path = Models.swift; sourceTree = "<group>"; };
		27B8E2862AC36CD80006BA72 /* StandupsListFeature.swift */ = {isa = PBXFileReference; lastKnownFileType = sourcecode.swift; path = StandupsListFeature.swift; sourceTree = "<group>"; };
		27B8E2882AC36E500006BA72 /* CardView.swift */ = {isa = PBXFileReference; lastKnownFileType = sourcecode.swift; path = CardView.swift; sourceTree = "<group>"; };
		27B8E28B2AC36E960006BA72 /* TrailingIconLabelStyle.swift */ = {isa = PBXFileReference; lastKnownFileType = sourcecode.swift; path = TrailingIconLabelStyle.swift; sourceTree = "<group>"; };
		27B8E28F2AC36FC10006BA72 /* StandupFormView.swift */ = {isa = PBXFileReference; lastKnownFileType = sourcecode.swift; path = StandupFormView.swift; sourceTree = "<group>"; };
		27B8E2912AC36FEC0006BA72 /* ThemePicker.swift */ = {isa = PBXFileReference; lastKnownFileType = sourcecode.swift; path = ThemePicker.swift; sourceTree = "<group>"; };
		27B8E2932AC370760006BA72 /* StandupFormFeature.swift */ = {isa = PBXFileReference; lastKnownFileType = sourcecode.swift; path = StandupFormFeature.swift; sourceTree = "<group>"; };
		27B8E2962AC375590006BA72 /* Duration+.swift */ = {isa = PBXFileReference; lastKnownFileType = sourcecode.swift; path = "Duration+.swift"; sourceTree = "<group>"; };
/* End PBXFileReference section */

/* Begin PBXFrameworksBuildPhase section */
		2747486A2AC37EC400F1D9F6 /* Frameworks */ = {
			isa = PBXFrameworksBuildPhase;
			buildActionMask = 2147483647;
			files = (
			);
			runOnlyForDeploymentPostprocessing = 0;
		};
		27B8E26A2AC36A960006BA72 /* Frameworks */ = {
			isa = PBXFrameworksBuildPhase;
			buildActionMask = 2147483647;
			files = (
				27B8E2802AC36BC70006BA72 /* ComposableArchitecture in Frameworks */,
			);
			runOnlyForDeploymentPostprocessing = 0;
		};
/* End PBXFrameworksBuildPhase section */

/* Begin PBXGroup section */
		2747486E2AC37EC400F1D9F6 /* ScrumdingerTests */ = {
			isa = PBXGroup;
			children = (
				274748762AC37EDC00F1D9F6 /* StandupFormTests.swift */,
				2747487A2AC4C55B00F1D9F6 /* StandupsListTests.swift */,
				274748822AC4CFE100F1D9F6 /* StandupDetailTests.swift */,
				276A76202AC7581E0047D5F3 /* AppTests.swift */,
			);
			path = ScrumdingerTests;
			sourceTree = "<group>";
		};
		274748782AC4BCC300F1D9F6 /* UIComponents */ = {
			isa = PBXGroup;
			children = (
				27B8E2882AC36E500006BA72 /* CardView.swift */,
			);
			path = UIComponents;
			sourceTree = "<group>";
		};
		274748792AC4BCD200F1D9F6 /* UIComponents */ = {
			isa = PBXGroup;
			children = (
				27B8E2912AC36FEC0006BA72 /* ThemePicker.swift */,
			);
			path = UIComponents;
			sourceTree = "<group>";
		};
		2747487C2AC4C97A00F1D9F6 /* Features */ = {
			isa = PBXGroup;
			children = (
				2747487D2AC4C98500F1D9F6 /* StandupDetail */,
				27B8E2852AC36CC70006BA72 /* StandupsList */,
				27B8E28E2AC36FB60006BA72 /* StandupForm */,
			);
			path = Features;
			sourceTree = "<group>";
		};
		2747487D2AC4C98500F1D9F6 /* StandupDetail */ = {
			isa = PBXGroup;
			children = (
				2747487E2AC4C99200F1D9F6 /* StandupDetailView.swift */,
				274748802AC4C9A600F1D9F6 /* StandupDetailFeature.swift */,
			);
			path = StandupDetail;
			sourceTree = "<group>";
		};
		276A761D2AC707A80047D5F3 /* Domain */ = {
			isa = PBXGroup;
			children = (
				27B8E2832AC36C7A0006BA72 /* Models.swift */,
			);
			path = Domain;
			sourceTree = "<group>";
		};
		27B8E2642AC36A960006BA72 = {
			isa = PBXGroup;
			children = (
				27B8E26F2AC36A960006BA72 /* Scrumdinger */,
				2747486E2AC37EC400F1D9F6 /* ScrumdingerTests */,
				27B8E26E2AC36A960006BA72 /* Products */,
			);
			sourceTree = "<group>";
		};
		27B8E26E2AC36A960006BA72 /* Products */ = {
			isa = PBXGroup;
			children = (
				27B8E26D2AC36A960006BA72 /* Scrumdinger.app */,
				2747486D2AC37EC400F1D9F6 /* ScrumdingerTests.xctest */,
			);
			name = Products;
			sourceTree = "<group>";
		};
		27B8E26F2AC36A960006BA72 /* Scrumdinger */ = {
			isa = PBXGroup;
			children = (
				276A761D2AC707A80047D5F3 /* Domain */,
				2747487C2AC4C97A00F1D9F6 /* Features */,
				27B8E28D2AC36FA90006BA72 /* Library */,
				27B8E2722AC36A960006BA72 /* AppView.swift */,
				276A761E2AC707EB0047D5F3 /* AppFeature.swift */,
				27B8E2702AC36A960006BA72 /* ScrumdingerApp.swift */,
				27B8E2742AC36A970006BA72 /* Assets.xcassets */,
				27B8E2762AC36A970006BA72 /* Preview Content */,
			);
			path = Scrumdinger;
			sourceTree = "<group>";
		};
		27B8E2762AC36A970006BA72 /* Preview Content */ = {
			isa = PBXGroup;
			children = (
				27B8E2772AC36A970006BA72 /* Preview Assets.xcassets */,
			);
			path = "Preview Content";
			sourceTree = "<group>";
		};
		27B8E2852AC36CC70006BA72 /* StandupsList */ = {
			isa = PBXGroup;
			children = (
				274748782AC4BCC300F1D9F6 /* UIComponents */,
				27B8E2812AC36BD00006BA72 /* StandupListView.swift */,
				27B8E2862AC36CD80006BA72 /* StandupsListFeature.swift */,
			);
			path = StandupsList;
			sourceTree = "<group>";
		};
		27B8E28A2AC36E880006BA72 /* DesignSystem */ = {
			isa = PBXGroup;
			children = (
				27B8E28B2AC36E960006BA72 /* TrailingIconLabelStyle.swift */,
			);
			path = DesignSystem;
			sourceTree = "<group>";
		};
		27B8E28D2AC36FA90006BA72 /* Library */ = {
			isa = PBXGroup;
			children = (
				27B8E2952AC3754C0006BA72 /* Extensions */,
				27B8E28A2AC36E880006BA72 /* DesignSystem */,
			);
			path = Library;
			sourceTree = "<group>";
		};
		27B8E28E2AC36FB60006BA72 /* StandupForm */ = {
			isa = PBXGroup;
			children = (
				274748792AC4BCD200F1D9F6 /* UIComponents */,
				27B8E28F2AC36FC10006BA72 /* StandupFormView.swift */,
				27B8E2932AC370760006BA72 /* StandupFormFeature.swift */,
			);
			path = StandupForm;
			sourceTree = "<group>";
		};
		27B8E2952AC3754C0006BA72 /* Extensions */ = {
			isa = PBXGroup;
			children = (
				27B8E2962AC375590006BA72 /* Duration+.swift */,
			);
			path = Extensions;
			sourceTree = "<group>";
		};
/* End PBXGroup section */

/* Begin PBXNativeTarget section */
		2747486C2AC37EC400F1D9F6 /* ScrumdingerTests */ = {
			isa = PBXNativeTarget;
			buildConfigurationList = 274748732AC37EC400F1D9F6 /* Build configuration list for PBXNativeTarget "ScrumdingerTests" */;
			buildPhases = (
				274748692AC37EC400F1D9F6 /* Sources */,
				2747486A2AC37EC400F1D9F6 /* Frameworks */,
				2747486B2AC37EC400F1D9F6 /* Resources */,
			);
			buildRules = (
			);
			dependencies = (
				274748722AC37EC400F1D9F6 /* PBXTargetDependency */,
			);
			name = ScrumdingerTests;
			productName = ScrumdingerTests;
			productReference = 2747486D2AC37EC400F1D9F6 /* ScrumdingerTests.xctest */;
			productType = "com.apple.product-type.bundle.unit-test";
		};
		27B8E26C2AC36A960006BA72 /* Scrumdinger */ = {
			isa = PBXNativeTarget;
			buildConfigurationList = 27B8E27B2AC36A970006BA72 /* Build configuration list for PBXNativeTarget "Scrumdinger" */;
			buildPhases = (
				27B8E2692AC36A960006BA72 /* Sources */,
				27B8E26A2AC36A960006BA72 /* Frameworks */,
				27B8E26B2AC36A960006BA72 /* Resources */,
			);
			buildRules = (
			);
			dependencies = (
			);
			name = Scrumdinger;
			packageProductDependencies = (
				27B8E27F2AC36BC70006BA72 /* ComposableArchitecture */,
			);
			productName = Scrumdinger;
			productReference = 27B8E26D2AC36A960006BA72 /* Scrumdinger.app */;
			productType = "com.apple.product-type.application";
		};
/* End PBXNativeTarget section */

/* Begin PBXProject section */
		27B8E2652AC36A960006BA72 /* Project object */ = {
			isa = PBXProject;
			attributes = {
				BuildIndependentTargetsInParallel = 1;
				LastSwiftUpdateCheck = 1500;
				LastUpgradeCheck = 1500;
				TargetAttributes = {
					2747486C2AC37EC400F1D9F6 = {
						CreatedOnToolsVersion = 15.0;
						TestTargetID = 27B8E26C2AC36A960006BA72;
					};
					27B8E26C2AC36A960006BA72 = {
						CreatedOnToolsVersion = 15.0;
					};
				};
			};
			buildConfigurationList = 27B8E2682AC36A960006BA72 /* Build configuration list for PBXProject "Scrumdinger" */;
			compatibilityVersion = "Xcode 14.0";
			developmentRegion = en;
			hasScannedForEncodings = 0;
			knownRegions = (
				en,
				Base,
			);
			mainGroup = 27B8E2642AC36A960006BA72;
			packageReferences = (
				27B8E27E2AC36BC70006BA72 /* XCRemoteSwiftPackageReference "swift-composable-architecture" */,
			);
			productRefGroup = 27B8E26E2AC36A960006BA72 /* Products */;
			projectDirPath = "";
			projectRoot = "";
			targets = (
				27B8E26C2AC36A960006BA72 /* Scrumdinger */,
				2747486C2AC37EC400F1D9F6 /* ScrumdingerTests */,
			);
		};
/* End PBXProject section */

/* Begin PBXResourcesBuildPhase section */
		2747486B2AC37EC400F1D9F6 /* Resources */ = {
			isa = PBXResourcesBuildPhase;
			buildActionMask = 2147483647;
			files = (
			);
			runOnlyForDeploymentPostprocessing = 0;
		};
		27B8E26B2AC36A960006BA72 /* Resources */ = {
			isa = PBXResourcesBuildPhase;
			buildActionMask = 2147483647;
			files = (
				27B8E2782AC36A970006BA72 /* Preview Assets.xcassets in Resources */,
				27B8E2752AC36A970006BA72 /* Assets.xcassets in Resources */,
			);
			runOnlyForDeploymentPostprocessing = 0;
		};
/* End PBXResourcesBuildPhase section */

/* Begin PBXSourcesBuildPhase section */
		274748692AC37EC400F1D9F6 /* Sources */ = {
			isa = PBXSourcesBuildPhase;
			buildActionMask = 2147483647;
			files = (
				274748772AC37EDC00F1D9F6 /* StandupFormTests.swift in Sources */,
				276A76212AC7581E0047D5F3 /* AppTests.swift in Sources */,
				2747487B2AC4C55B00F1D9F6 /* StandupsListTests.swift in Sources */,
				274748832AC4CFE100F1D9F6 /* StandupDetailTests.swift in Sources */,
			);
			runOnlyForDeploymentPostprocessing = 0;
		};
		27B8E2692AC36A960006BA72 /* Sources */ = {
			isa = PBXSourcesBuildPhase;
			buildActionMask = 2147483647;
			files = (
				27B8E2732AC36A960006BA72 /* AppView.swift in Sources */,
				27B8E2872AC36CD80006BA72 /* StandupsListFeature.swift in Sources */,
				27B8E2822AC36BD00006BA72 /* StandupListView.swift in Sources */,
				27B8E2922AC36FEC0006BA72 /* ThemePicker.swift in Sources */,
				27B8E2712AC36A960006BA72 /* ScrumdingerApp.swift in Sources */,
				27B8E2972AC375590006BA72 /* Duration+.swift in Sources */,
				27B8E2892AC36E500006BA72 /* CardView.swift in Sources */,
				274748812AC4C9A600F1D9F6 /* StandupDetailFeature.swift in Sources */,
				27B8E2842AC36C7A0006BA72 /* Models.swift in Sources */,
				2747487F2AC4C99200F1D9F6 /* StandupDetailView.swift in Sources */,
				27B8E28C2AC36E960006BA72 /* TrailingIconLabelStyle.swift in Sources */,
				27B8E2942AC370760006BA72 /* StandupFormFeature.swift in Sources */,
				276A761F2AC707EB0047D5F3 /* AppFeature.swift in Sources */,
				27B8E2902AC36FC10006BA72 /* StandupFormView.swift in Sources */,
			);
			runOnlyForDeploymentPostprocessing = 0;
		};
/* End PBXSourcesBuildPhase section */

/* Begin PBXTargetDependency section */
		274748722AC37EC400F1D9F6 /* PBXTargetDependency */ = {
			isa = PBXTargetDependency;
			target = 27B8E26C2AC36A960006BA72 /* Scrumdinger */;
			targetProxy = 274748712AC37EC400F1D9F6 /* PBXContainerItemProxy */;
		};
/* End PBXTargetDependency section */

/* Begin XCBuildConfiguration section */
		274748742AC37EC400F1D9F6 /* Debug */ = {
			isa = XCBuildConfiguration;
			buildSettings = {
				BUNDLE_LOADER = "$(TEST_HOST)";
				CODE_SIGN_STYLE = Automatic;
				CURRENT_PROJECT_VERSION = 1;
				DEVELOPMENT_TEAM = 579X949DTW;
				GENERATE_INFOPLIST_FILE = YES;
				MARKETING_VERSION = 1.0;
				PRODUCT_BUNDLE_IDENTIFIER = com.alextos.ScrumdingerTests;
				PRODUCT_NAME = "$(TARGET_NAME)";
				SWIFT_EMIT_LOC_STRINGS = NO;
				SWIFT_VERSION = 5.0;
				TARGETED_DEVICE_FAMILY = "1,2";
				TEST_HOST = "$(BUILT_PRODUCTS_DIR)/Scrumdinger.app/$(BUNDLE_EXECUTABLE_FOLDER_PATH)/Scrumdinger";
			};
			name = Debug;
		};
		274748752AC37EC400F1D9F6 /* Release */ = {
			isa = XCBuildConfiguration;
			buildSettings = {
				BUNDLE_LOADER = "$(TEST_HOST)";
				CODE_SIGN_STYLE = Automatic;
				CURRENT_PROJECT_VERSION = 1;
				DEVELOPMENT_TEAM = 579X949DTW;
				GENERATE_INFOPLIST_FILE = YES;
				MARKETING_VERSION = 1.0;
				PRODUCT_BUNDLE_IDENTIFIER = com.alextos.ScrumdingerTests;
				PRODUCT_NAME = "$(TARGET_NAME)";
				SWIFT_EMIT_LOC_STRINGS = NO;
				SWIFT_VERSION = 5.0;
				TARGETED_DEVICE_FAMILY = "1,2";
				TEST_HOST = "$(BUILT_PRODUCTS_DIR)/Scrumdinger.app/$(BUNDLE_EXECUTABLE_FOLDER_PATH)/Scrumdinger";
			};
			name = Release;
		};
		27B8E2792AC36A970006BA72 /* Debug */ = {
			isa = XCBuildConfiguration;
			buildSettings = {
				ALWAYS_SEARCH_USER_PATHS = NO;
				ASSETCATALOG_COMPILER_GENERATE_SWIFT_ASSET_SYMBOL_EXTENSIONS = YES;
				CLANG_ANALYZER_NONNULL = YES;
				CLANG_ANALYZER_NUMBER_OBJECT_CONVERSION = YES_AGGRESSIVE;
				CLANG_CXX_LANGUAGE_STANDARD = "gnu++20";
				CLANG_ENABLE_MODULES = YES;
				CLANG_ENABLE_OBJC_ARC = YES;
				CLANG_ENABLE_OBJC_WEAK = YES;
				CLANG_WARN_BLOCK_CAPTURE_AUTORELEASING = YES;
				CLANG_WARN_BOOL_CONVERSION = YES;
				CLANG_WARN_COMMA = YES;
				CLANG_WARN_CONSTANT_CONVERSION = YES;
				CLANG_WARN_DEPRECATED_OBJC_IMPLEMENTATIONS = YES;
				CLANG_WARN_DIRECT_OBJC_ISA_USAGE = YES_ERROR;
				CLANG_WARN_DOCUMENTATION_COMMENTS = YES;
				CLANG_WARN_EMPTY_BODY = YES;
				CLANG_WARN_ENUM_CONVERSION = YES;
				CLANG_WARN_INFINITE_RECURSION = YES;
				CLANG_WARN_INT_CONVERSION = YES;
				CLANG_WARN_NON_LITERAL_NULL_CONVERSION = YES;
				CLANG_WARN_OBJC_IMPLICIT_RETAIN_SELF = YES;
				CLANG_WARN_OBJC_LITERAL_CONVERSION = YES;
				CLANG_WARN_OBJC_ROOT_CLASS = YES_ERROR;
				CLANG_WARN_QUOTED_INCLUDE_IN_FRAMEWORK_HEADER = YES;
				CLANG_WARN_RANGE_LOOP_ANALYSIS = YES;
				CLANG_WARN_STRICT_PROTOTYPES = YES;
				CLANG_WARN_SUSPICIOUS_MOVE = YES;
				CLANG_WARN_UNGUARDED_AVAILABILITY = YES_AGGRESSIVE;
				CLANG_WARN_UNREACHABLE_CODE = YES;
				CLANG_WARN__DUPLICATE_METHOD_MATCH = YES;
				COPY_PHASE_STRIP = NO;
				DEBUG_INFORMATION_FORMAT = dwarf;
				ENABLE_STRICT_OBJC_MSGSEND = YES;
				ENABLE_TESTABILITY = YES;
				ENABLE_USER_SCRIPT_SANDBOXING = YES;
				GCC_C_LANGUAGE_STANDARD = gnu17;
				GCC_DYNAMIC_NO_PIC = NO;
				GCC_NO_COMMON_BLOCKS = YES;
				GCC_OPTIMIZATION_LEVEL = 0;
				GCC_PREPROCESSOR_DEFINITIONS = (
					"DEBUG=1",
					"$(inherited)",
				);
				GCC_WARN_64_TO_32_BIT_CONVERSION = YES;
				GCC_WARN_ABOUT_RETURN_TYPE = YES_ERROR;
				GCC_WARN_UNDECLARED_SELECTOR = YES;
				GCC_WARN_UNINITIALIZED_AUTOS = YES_AGGRESSIVE;
				GCC_WARN_UNUSED_FUNCTION = YES;
				GCC_WARN_UNUSED_VARIABLE = YES;
				IPHONEOS_DEPLOYMENT_TARGET = 17.0;
				LOCALIZATION_PREFERS_STRING_CATALOGS = YES;
				MTL_ENABLE_DEBUG_INFO = INCLUDE_SOURCE;
				MTL_FAST_MATH = YES;
				ONLY_ACTIVE_ARCH = YES;
				SDKROOT = iphoneos;
				SWIFT_ACTIVE_COMPILATION_CONDITIONS = "DEBUG $(inherited)";
				SWIFT_OPTIMIZATION_LEVEL = "-Onone";
				SWIFT_STRICT_CONCURRENCY = complete;
			};
			name = Debug;
		};
		27B8E27A2AC36A970006BA72 /* Release */ = {
			isa = XCBuildConfiguration;
			buildSettings = {
				ALWAYS_SEARCH_USER_PATHS = NO;
				ASSETCATALOG_COMPILER_GENERATE_SWIFT_ASSET_SYMBOL_EXTENSIONS = YES;
				CLANG_ANALYZER_NONNULL = YES;
				CLANG_ANALYZER_NUMBER_OBJECT_CONVERSION = YES_AGGRESSIVE;
				CLANG_CXX_LANGUAGE_STANDARD = "gnu++20";
				CLANG_ENABLE_MODULES = YES;
				CLANG_ENABLE_OBJC_ARC = YES;
				CLANG_ENABLE_OBJC_WEAK = YES;
				CLANG_WARN_BLOCK_CAPTURE_AUTORELEASING = YES;
				CLANG_WARN_BOOL_CONVERSION = YES;
				CLANG_WARN_COMMA = YES;
				CLANG_WARN_CONSTANT_CONVERSION = YES;
				CLANG_WARN_DEPRECATED_OBJC_IMPLEMENTATIONS = YES;
				CLANG_WARN_DIRECT_OBJC_ISA_USAGE = YES_ERROR;
				CLANG_WARN_DOCUMENTATION_COMMENTS = YES;
				CLANG_WARN_EMPTY_BODY = YES;
				CLANG_WARN_ENUM_CONVERSION = YES;
				CLANG_WARN_INFINITE_RECURSION = YES;
				CLANG_WARN_INT_CONVERSION = YES;
				CLANG_WARN_NON_LITERAL_NULL_CONVERSION = YES;
				CLANG_WARN_OBJC_IMPLICIT_RETAIN_SELF = YES;
				CLANG_WARN_OBJC_LITERAL_CONVERSION = YES;
				CLANG_WARN_OBJC_ROOT_CLASS = YES_ERROR;
				CLANG_WARN_QUOTED_INCLUDE_IN_FRAMEWORK_HEADER = YES;
				CLANG_WARN_RANGE_LOOP_ANALYSIS = YES;
				CLANG_WARN_STRICT_PROTOTYPES = YES;
				CLANG_WARN_SUSPICIOUS_MOVE = YES;
				CLANG_WARN_UNGUARDED_AVAILABILITY = YES_AGGRESSIVE;
				CLANG_WARN_UNREACHABLE_CODE = YES;
				CLANG_WARN__DUPLICATE_METHOD_MATCH = YES;
				COPY_PHASE_STRIP = NO;
				DEBUG_INFORMATION_FORMAT = "dwarf-with-dsym";
				ENABLE_NS_ASSERTIONS = NO;
				ENABLE_STRICT_OBJC_MSGSEND = YES;
				ENABLE_USER_SCRIPT_SANDBOXING = YES;
				GCC_C_LANGUAGE_STANDARD = gnu17;
				GCC_NO_COMMON_BLOCKS = YES;
				GCC_WARN_64_TO_32_BIT_CONVERSION = YES;
				GCC_WARN_ABOUT_RETURN_TYPE = YES_ERROR;
				GCC_WARN_UNDECLARED_SELECTOR = YES;
				GCC_WARN_UNINITIALIZED_AUTOS = YES_AGGRESSIVE;
				GCC_WARN_UNUSED_FUNCTION = YES;
				GCC_WARN_UNUSED_VARIABLE = YES;
				IPHONEOS_DEPLOYMENT_TARGET = 17.0;
				LOCALIZATION_PREFERS_STRING_CATALOGS = YES;
				MTL_ENABLE_DEBUG_INFO = NO;
				MTL_FAST_MATH = YES;
				SDKROOT = iphoneos;
				SWIFT_COMPILATION_MODE = wholemodule;
				SWIFT_STRICT_CONCURRENCY = complete;
				VALIDATE_PRODUCT = YES;
			};
			name = Release;
		};
		27B8E27C2AC36A970006BA72 /* Debug */ = {
			isa = XCBuildConfiguration;
			buildSettings = {
				ASSETCATALOG_COMPILER_APPICON_NAME = AppIcon;
				ASSETCATALOG_COMPILER_GLOBAL_ACCENT_COLOR_NAME = AccentColor;
				CODE_SIGN_STYLE = Automatic;
				CURRENT_PROJECT_VERSION = 1;
				DEVELOPMENT_ASSET_PATHS = "\"Scrumdinger/Preview Content\"";
				DEVELOPMENT_TEAM = 579X949DTW;
				ENABLE_PREVIEWS = YES;
				GENERATE_INFOPLIST_FILE = YES;
				INFOPLIST_KEY_UIApplicationSceneManifest_Generation = YES;
				INFOPLIST_KEY_UIApplicationSupportsIndirectInputEvents = YES;
				INFOPLIST_KEY_UILaunchScreen_Generation = YES;
				INFOPLIST_KEY_UISupportedInterfaceOrientations_iPad = "UIInterfaceOrientationPortrait UIInterfaceOrientationPortraitUpsideDown UIInterfaceOrientationLandscapeLeft UIInterfaceOrientationLandscapeRight";
				INFOPLIST_KEY_UISupportedInterfaceOrientations_iPhone = "UIInterfaceOrientationPortrait UIInterfaceOrientationLandscapeLeft UIInterfaceOrientationLandscapeRight";
				LD_RUNPATH_SEARCH_PATHS = (
					"$(inherited)",
					"@executable_path/Frameworks",
				);
				MARKETING_VERSION = 1.0;
				PRODUCT_BUNDLE_IDENTIFIER = com.alextos.Scrumdinger;
				PRODUCT_NAME = "$(TARGET_NAME)";
				SWIFT_EMIT_LOC_STRINGS = YES;
				SWIFT_VERSION = 5.0;
				TARGETED_DEVICE_FAMILY = "1,2";
			};
			name = Debug;
		};
		27B8E27D2AC36A970006BA72 /* Release */ = {
			isa = XCBuildConfiguration;
			buildSettings = {
				ASSETCATALOG_COMPILER_APPICON_NAME = AppIcon;
				ASSETCATALOG_COMPILER_GLOBAL_ACCENT_COLOR_NAME = AccentColor;
				CODE_SIGN_STYLE = Automatic;
				CURRENT_PROJECT_VERSION = 1;
				DEVELOPMENT_ASSET_PATHS = "\"Scrumdinger/Preview Content\"";
				DEVELOPMENT_TEAM = 579X949DTW;
				ENABLE_PREVIEWS = YES;
				GENERATE_INFOPLIST_FILE = YES;
				INFOPLIST_KEY_UIApplicationSceneManifest_Generation = YES;
				INFOPLIST_KEY_UIApplicationSupportsIndirectInputEvents = YES;
				INFOPLIST_KEY_UILaunchScreen_Generation = YES;
				INFOPLIST_KEY_UISupportedInterfaceOrientations_iPad = "UIInterfaceOrientationPortrait UIInterfaceOrientationPortraitUpsideDown UIInterfaceOrientationLandscapeLeft UIInterfaceOrientationLandscapeRight";
				INFOPLIST_KEY_UISupportedInterfaceOrientations_iPhone = "UIInterfaceOrientationPortrait UIInterfaceOrientationLandscapeLeft UIInterfaceOrientationLandscapeRight";
				LD_RUNPATH_SEARCH_PATHS = (
					"$(inherited)",
					"@executable_path/Frameworks",
				);
				MARKETING_VERSION = 1.0;
				PRODUCT_BUNDLE_IDENTIFIER = com.alextos.Scrumdinger;
				PRODUCT_NAME = "$(TARGET_NAME)";
				SWIFT_EMIT_LOC_STRINGS = YES;
				SWIFT_VERSION = 5.0;
				TARGETED_DEVICE_FAMILY = "1,2";
			};
			name = Release;
		};
/* End XCBuildConfiguration section */

/* Begin XCConfigurationList section */
		274748732AC37EC400F1D9F6 /* Build configuration list for PBXNativeTarget "ScrumdingerTests" */ = {
			isa = XCConfigurationList;
			buildConfigurations = (
				274748742AC37EC400F1D9F6 /* Debug */,
				274748752AC37EC400F1D9F6 /* Release */,
			);
			defaultConfigurationIsVisible = 0;
			defaultConfigurationName = Release;
		};
		27B8E2682AC36A960006BA72 /* Build configuration list for PBXProject "Scrumdinger" */ = {
			isa = XCConfigurationList;
			buildConfigurations = (
				27B8E2792AC36A970006BA72 /* Debug */,
				27B8E27A2AC36A970006BA72 /* Release */,
			);
			defaultConfigurationIsVisible = 0;
			defaultConfigurationName = Release;
		};
		27B8E27B2AC36A970006BA72 /* Build configuration list for PBXNativeTarget "Scrumdinger" */ = {
			isa = XCConfigurationList;
			buildConfigurations = (
				27B8E27C2AC36A970006BA72 /* Debug */,
				27B8E27D2AC36A970006BA72 /* Release */,
			);
			defaultConfigurationIsVisible = 0;
			defaultConfigurationName = Release;
		};
/* End XCConfigurationList section */

/* Begin XCRemoteSwiftPackageReference section */
		27B8E27E2AC36BC70006BA72 /* XCRemoteSwiftPackageReference "swift-composable-architecture" */ = {
			isa = XCRemoteSwiftPackageReference;
			repositoryURL = "https://github.com/pointfreeco/swift-composable-architecture";
			requirement = {
				kind = upToNextMajorVersion;
				minimumVersion = 1.2.0;
			};
		};
/* End XCRemoteSwiftPackageReference section */

/* Begin XCSwiftPackageProductDependency section */
		27B8E27F2AC36BC70006BA72 /* ComposableArchitecture */ = {
			isa = XCSwiftPackageProductDependency;
			package = 27B8E27E2AC36BC70006BA72 /* XCRemoteSwiftPackageReference "swift-composable-architecture" */;
			productName = ComposableArchitecture;
		};
/* End XCSwiftPackageProductDependency section */
	};
	rootObject = 27B8E2652AC36A960006BA72 /* Project object */;
}
